
Microsoft Visual Studio Solution File, Format Version 12.00
# Visual Studio Version 17
VisualStudioVersion = 17.3.32922.545
MinimumVisualStudioVersion = 10.0.40219.1
Project("{FAE04EC0-301F-11D3-BF4B-00C04F79EFBC}") = "Library", "Library.csproj", "{18E3F1E9-F6C2-4B36-A937-AE6D3F909782}"
EndProject
Global
	GlobalSection(SolutionConfigurationPlatforms) = preSolution
		Debug|Any CPU = Debug|Any CPU
		Release|Any CPU = Release|Any CPU
	EndGlobalSection
	GlobalSection(ProjectConfigurationPlatforms) = postSolution
		{18E3F1E9-F6C2-4B36-A937-AE6D3F909782}.Debug|Any CPU.ActiveCfg = Debug|Any CPU
		{18E3F1E9-F6C2-4B36-A937-AE6D3F909782}.Debug|Any CPU.Build.0 = Debug|Any CPU
		{18E3F1E9-F6C2-4B36-A937-AE6D3F909782}.Release|Any CPU.ActiveCfg = Release|Any CPU
		{18E3F1E9-F6C2-4B36-A937-AE6D3F909782}.Release|Any CPU.Build.0 = Release|Any CPU
	EndGlobalSection
	GlobalSection(SolutionProperties) = preSolution
		HideSolutionNode = FALSE
	EndGlobalSection
	GlobalSection(ExtensibilityGlobals) = postSolution
		SolutionGuid = {205885C9-E8AC-4BB9-848D-73571C11806F}
	EndGlobalSection
EndGlobal
